
Microsoft Visual Studio Solution File, Format Version 12.00
# Visual Studio 2012
Project("{8BC9CEB8-8B4A-11D0-8D11-00A0C91BC942}") = "Ödev6", "Ödev6\Ödev6.vcxproj", "{79EEDBC6-C26F-41AB-9D70-69CAC493EDEB}"
EndProject
Global
	GlobalSection(SolutionConfigurationPlatforms) = preSolution
		Debug|Win32 = Debug|Win32
		Release|Win32 = Release|Win32
	EndGlobalSection
	GlobalSection(ProjectConfigurationPlatforms) = postSolution
		{79EEDBC6-C26F-41AB-9D70-69CAC493EDEB}.Debug|Win32.ActiveCfg = Debug|Win32
		{79EEDBC6-C26F-41AB-9D70-69CAC493EDEB}.Debug|Win32.Build.0 = Debug|Win32
		{79EEDBC6-C26F-41AB-9D70-69CAC493EDEB}.Release|Win32.ActiveCfg = Release|Win32
		{79EEDBC6-C26F-41AB-9D70-69CAC493EDEB}.Release|Win32.Build.0 = Release|Win32
	EndGlobalSection
	GlobalSection(SolutionProperties) = preSolution
		HideSolutionNode = FALSE
	EndGlobalSection
EndGlobal
